{
  "name": "show_shamsi_time",
  "version": "1.0.0",
  "lockfileVersion": 2,
  "requires": true,
  "packages": {
    "": {
      "name": "show_shamsi_time",
      "version": "1.0.0",
      "hasInstallScript": true,
      "license": "ISC",
      "dependencies": {
        "shamsi-date-converter": "^1.0.5"
      },
      "bin": {
        "stime": "index.js"
      }
    },
    "node_modules/shamsi": {
      "version": "1.1.6",
      "resolved": "https://registry.npmjs.org/shamsi/-/shamsi-1.1.6.tgz",
      "integrity": "sha512-lTXsWGlPxY+AdkcoCJdwy4cFlqeULk0uPEBx+Mh7QIYEyfc+oPRFiChoxDHU3t2F2sL5J8gDJ6moD5sunOrWpg=="
    },
    "node_modules/shamsi-date-converter": {
      "version": "1.0.5",
      "resolved": "https://registry.npmjs.org/shamsi-date-converter/-/shamsi-date-converter-1.0.5.tgz",
      "integrity": "sha512-Ip8E6WkSs7aa1Uud9jTuMpegIFU/9mOQBli6tTriBaaYU2ckuzXxZuJus24XtmW5EkXY7tieFBpsrAPD9N2nLQ==",
      "dependencies": {
        "shamsi": "^1.1.6"
      }
    }
  },
  "dependencies": {
    "shamsi": {
      "version": "1.1.6",
      "resolved": "https://registry.npmjs.org/shamsi/-/shamsi-1.1.6.tgz",
      "integrity": "sha512-lTXsWGlPxY+AdkcoCJdwy4cFlqeULk0uPEBx+Mh7QIYEyfc+oPRFiChoxDHU3t2F2sL5J8gDJ6moD5sunOrWpg=="
    },
    "shamsi-date-converter": {
      "version": "1.0.5",
      "resolved": "https://registry.npmjs.org/shamsi-date-converter/-/shamsi-date-converter-1.0.5.tgz",
      "integrity": "sha512-Ip8E6WkSs7aa1Uud9jTuMpegIFU/9mOQBli6tTriBaaYU2ckuzXxZuJus24XtmW5EkXY7tieFBpsrAPD9N2nLQ==",
      "requires": {
        "shamsi": "^1.1.6"
      }
    }
  }
}
